// !$*UTF8*$!
{
	archiveVersion = 1;
	classes = {
	};
	objectVersion = 56;
	objects = {

/* Begin PBXBuildFile section */
		1380AB3C29B52E2400B45EEE /* MJGramApp.swift in Sources */ = {isa = PBXBuildFile; fileRef = 1380AB3B29B52E2400B45EEE /* MJGramApp.swift */; };
		1380AB3E29B52E2400B45EEE /* ContentView.swift in Sources */ = {isa = PBXBuildFile; fileRef = 1380AB3D29B52E2400B45EEE /* ContentView.swift */; };
		1380AB4029B52E2500B45EEE /* Assets.xcassets in Resources */ = {isa = PBXBuildFile; fileRef = 1380AB3F29B52E2500B45EEE /* Assets.xcassets */; };
		1380AB4329B52E2500B45EEE /* Preview Assets.xcassets in Resources */ = {isa = PBXBuildFile; fileRef = 1380AB4229B52E2500B45EEE /* Preview Assets.xcassets */; };
		1380AB4C29B539EB00B45EEE /* postData.json in Resources */ = {isa = PBXBuildFile; fileRef = 1380AB4B29B539EB00B45EEE /* postData.json */; };
		1380AB5029B53C0300B45EEE /* ModelData.swift in Sources */ = {isa = PBXBuildFile; fileRef = 1380AB4F29B53C0300B45EEE /* ModelData.swift */; };
		1380AB5229B53CA300B45EEE /* Post.swift in Sources */ = {isa = PBXBuildFile; fileRef = 1380AB5129B53CA300B45EEE /* Post.swift */; };
		1380AB5529B53FE400B45EEE /* PostDetail.swift in Sources */ = {isa = PBXBuildFile; fileRef = 1380AB5429B53FE400B45EEE /* PostDetail.swift */; };
		1380AB5D29B5575800B45EEE /* LikeButton.swift in Sources */ = {isa = PBXBuildFile; fileRef = 1380AB5C29B5575800B45EEE /* LikeButton.swift */; };
		1380AB5F29B5604100B45EEE /* PostList.swift in Sources */ = {isa = PBXBuildFile; fileRef = 1380AB5E29B5604100B45EEE /* PostList.swift */; };
		1380AB6229B5670300B45EEE /* ProfileHome.swift in Sources */ = {isa = PBXBuildFile; fileRef = 1380AB6129B5670300B45EEE /* ProfileHome.swift */; };
		1380AB6429B5680100B45EEE /* Profile.swift in Sources */ = {isa = PBXBuildFile; fileRef = 1380AB6329B5680100B45EEE /* Profile.swift */; };
		1380AB6629B58FEE00B45EEE /* SquareImage.swift in Sources */ = {isa = PBXBuildFile; fileRef = 1380AB6529B58FEE00B45EEE /* SquareImage.swift */; };
		1380AB6829B5954400B45EEE /* RoundedImage.swift in Sources */ = {isa = PBXBuildFile; fileRef = 1380AB6729B5954400B45EEE /* RoundedImage.swift */; };
/* End PBXBuildFile section */

/* Begin PBXFileReference section */
		1380AB3829B52E2400B45EEE /* MJGram.app */ = {isa = PBXFileReference; explicitFileType = wrapper.application; includeInIndex = 0; path = MJGram.app; sourceTree = BUILT_PRODUCTS_DIR; };
		1380AB3B29B52E2400B45EEE /* MJGramApp.swift */ = {isa = PBXFileReference; lastKnownFileType = sourcecode.swift; path = MJGramApp.swift; sourceTree = "<group>"; };
		1380AB3D29B52E2400B45EEE /* ContentView.swift */ = {isa = PBXFileReference; lastKnownFileType = sourcecode.swift; path = ContentView.swift; sourceTree = "<group>"; };
		1380AB3F29B52E2500B45EEE /* Assets.xcassets */ = {isa = PBXFileReference; lastKnownFileType = folder.assetcatalog; path = Assets.xcassets; sourceTree = "<group>"; };
		1380AB4229B52E2500B45EEE /* Preview Assets.xcassets */ = {isa = PBXFileReference; lastKnownFileType = folder.assetcatalog; path = "Preview Assets.xcassets"; sourceTree = "<group>"; };
		1380AB4B29B539EB00B45EEE /* postData.json */ = {isa = PBXFileReference; fileEncoding = 4; lastKnownFileType = text.json; path = postData.json; sourceTree = "<group>"; };
		1380AB4F29B53C0300B45EEE /* ModelData.swift */ = {isa = PBXFileReference; lastKnownFileType = sourcecode.swift; path = ModelData.swift; sourceTree = "<group>"; };
		1380AB5129B53CA300B45EEE /* Post.swift */ = {isa = PBXFileReference; lastKnownFileType = sourcecode.swift; path = Post.swift; sourceTree = "<group>"; };
		1380AB5429B53FE400B45EEE /* PostDetail.swift */ = {isa = PBXFileReference; lastKnownFileType = sourcecode.swift; path = PostDetail.swift; sourceTree = "<group>"; };
		1380AB5C29B5575800B45EEE /* LikeButton.swift */ = {isa = PBXFileReference; lastKnownFileType = sourcecode.swift; path = LikeButton.swift; sourceTree = "<group>"; };
		1380AB5E29B5604100B45EEE /* PostList.swift */ = {isa = PBXFileReference; lastKnownFileType = sourcecode.swift; path = PostList.swift; sourceTree = "<group>"; };
		1380AB6129B5670300B45EEE /* ProfileHome.swift */ = {isa = PBXFileReference; lastKnownFileType = sourcecode.swift; path = ProfileHome.swift; sourceTree = "<group>"; };
		1380AB6329B5680100B45EEE /* Profile.swift */ = {isa = PBXFileReference; lastKnownFileType = sourcecode.swift; path = Profile.swift; sourceTree = "<group>"; };
		1380AB6529B58FEE00B45EEE /* SquareImage.swift */ = {isa = PBXFileReference; lastKnownFileType = sourcecode.swift; path = SquareImage.swift; sourceTree = "<group>"; };
		1380AB6729B5954400B45EEE /* RoundedImage.swift */ = {isa = PBXFileReference; lastKnownFileType = sourcecode.swift; path = RoundedImage.swift; sourceTree = "<group>"; };
/* End PBXFileReference section */

/* Begin PBXFrameworksBuildPhase section */
		1380AB3529B52E2400B45EEE /* Frameworks */ = {
			isa = PBXFrameworksBuildPhase;
			buildActionMask = 2147483647;
			files = (
			);
			runOnlyForDeploymentPostprocessing = 0;
		};
/* End PBXFrameworksBuildPhase section */

/* Begin PBXGroup section */
		1380AB2F29B52E2400B45EEE = {
			isa = PBXGroup;
			children = (
				1380AB3A29B52E2400B45EEE /* MJGram */,
				1380AB3929B52E2400B45EEE /* Products */,
			);
			sourceTree = "<group>";
		};
		1380AB3929B52E2400B45EEE /* Products */ = {
			isa = PBXGroup;
			children = (
				1380AB3829B52E2400B45EEE /* MJGram.app */,
			);
			name = Products;
			sourceTree = "<group>";
		};
		1380AB3A29B52E2400B45EEE /* MJGram */ = {
			isa = PBXGroup;
			children = (
				1380AB3B29B52E2400B45EEE /* MJGramApp.swift */,
				1380AB4E29B53BA300B45EEE /* Views */,
				1380AB4D29B53B9000B45EEE /* Model */,
				1380AB4A29B5301100B45EEE /* Resources */,
				1380AB3F29B52E2500B45EEE /* Assets.xcassets */,
				1380AB4129B52E2500B45EEE /* Preview Content */,
			);
			path = MJGram;
			sourceTree = "<group>";
		};
		1380AB4129B52E2500B45EEE /* Preview Content */ = {
			isa = PBXGroup;
			children = (
				1380AB4229B52E2500B45EEE /* Preview Assets.xcassets */,
			);
			path = "Preview Content";
			sourceTree = "<group>";
		};
		1380AB4A29B5301100B45EEE /* Resources */ = {
			isa = PBXGroup;
			children = (
				1380AB4B29B539EB00B45EEE /* postData.json */,
			);
			path = Resources;
			sourceTree = "<group>";
		};
		1380AB4D29B53B9000B45EEE /* Model */ = {
			isa = PBXGroup;
			children = (
				1380AB4F29B53C0300B45EEE /* ModelData.swift */,
				1380AB5129B53CA300B45EEE /* Post.swift */,
				1380AB6329B5680100B45EEE /* Profile.swift */,
			);
			path = Model;
			sourceTree = "<group>";
		};
		1380AB4E29B53BA300B45EEE /* Views */ = {
			isa = PBXGroup;
			children = (
				1380AB3D29B52E2400B45EEE /* ContentView.swift */,
				1380AB5329B53FC600B45EEE /* Posts */,
				1380AB6029B566F000B45EEE /* Profile */,
				1380AB5829B547FE00B45EEE /* Helpers */,
			);
			path = Views;
			sourceTree = "<group>";
		};
		1380AB5329B53FC600B45EEE /* Posts */ = {
			isa = PBXGroup;
			children = (
				1380AB5429B53FE400B45EEE /* PostDetail.swift */,
				1380AB5E29B5604100B45EEE /* PostList.swift */,
			);
			path = Posts;
			sourceTree = "<group>";
		};
		1380AB5829B547FE00B45EEE /* Helpers */ = {
			isa = PBXGroup;
			children = (
				1380AB5C29B5575800B45EEE /* LikeButton.swift */,
				1380AB6529B58FEE00B45EEE /* SquareImage.swift */,
				1380AB6729B5954400B45EEE /* RoundedImage.swift */,
			);
			path = Helpers;
			sourceTree = "<group>";
		};
		1380AB6029B566F000B45EEE /* Profile */ = {
			isa = PBXGroup;
			children = (
				1380AB6129B5670300B45EEE /* ProfileHome.swift */,
			);
			path = Profile;
			sourceTree = "<group>";
		};
/* End PBXGroup section */

/* Begin PBXNativeTarget section */
		1380AB3729B52E2400B45EEE /* MJGram */ = {
			isa = PBXNativeTarget;
			buildConfigurationList = 1380AB4629B52E2500B45EEE /* Build configuration list for PBXNativeTarget "MJGram" */;
			buildPhases = (
				1380AB3429B52E2400B45EEE /* Sources */,
				1380AB3529B52E2400B45EEE /* Frameworks */,
				1380AB3629B52E2400B45EEE /* Resources */,
			);
			buildRules = (
			);
			dependencies = (
			);
			name = MJGram;
			productName = MJGram;
			productReference = 1380AB3829B52E2400B45EEE /* MJGram.app */;
			productType = "com.apple.product-type.application";
		};
/* End PBXNativeTarget section */

/* Begin PBXProject section */
		1380AB3029B52E2400B45EEE /* Project object */ = {
			isa = PBXProject;
			attributes = {
				BuildIndependentTargetsInParallel = 1;
				LastSwiftUpdateCheck = 1420;
				LastUpgradeCheck = 1420;
				TargetAttributes = {
					1380AB3729B52E2400B45EEE = {
						CreatedOnToolsVersion = 14.2;
					};
				};
			};
			buildConfigurationList = 1380AB3329B52E2400B45EEE /* Build configuration list for PBXProject "MJGram" */;
			compatibilityVersion = "Xcode 14.0";
			developmentRegion = en;
			hasScannedForEncodings = 0;
			knownRegions = (
				en,
				Base,
			);
			mainGroup = 1380AB2F29B52E2400B45EEE;
			productRefGroup = 1380AB3929B52E2400B45EEE /* Products */;
			projectDirPath = "";
			projectRoot = "";
			targets = (
				1380AB3729B52E2400B45EEE /* MJGram */,
			);
		};
/* End PBXProject section */

/* Begin PBXResourcesBuildPhase section */
		1380AB3629B52E2400B45EEE /* Resources */ = {
			isa = PBXResourcesBuildPhase;
			buildActionMask = 2147483647;
			files = (
				1380AB4329B52E2500B45EEE /* Preview Assets.xcassets in Resources */,
				1380AB4C29B539EB00B45EEE /* postData.json in Resources */,
				1380AB4029B52E2500B45EEE /* Assets.xcassets in Resources */,
			);
			runOnlyForDeploymentPostprocessing = 0;
		};
/* End PBXResourcesBuildPhase section */

/* Begin PBXSourcesBuildPhase section */
		1380AB3429B52E2400B45EEE /* Sources */ = {
			isa = PBXSourcesBuildPhase;
			buildActionMask = 2147483647;
			files = (
				1380AB3E29B52E2400B45EEE /* ContentView.swift in Sources */,
				1380AB3C29B52E2400B45EEE /* MJGramApp.swift in Sources */,
				1380AB5029B53C0300B45EEE /* ModelData.swift in Sources */,
				1380AB5529B53FE400B45EEE /* PostDetail.swift in Sources */,
				1380AB5229B53CA300B45EEE /* Post.swift in Sources */,
				1380AB5D29B5575800B45EEE /* LikeButton.swift in Sources */,
				1380AB6229B5670300B45EEE /* ProfileHome.swift in Sources */,
				1380AB6429B5680100B45EEE /* Profile.swift in Sources */,
				1380AB6629B58FEE00B45EEE /* SquareImage.swift in Sources */,
				1380AB6829B5954400B45EEE /* RoundedImage.swift in Sources */,
				1380AB5F29B5604100B45EEE /* PostList.swift in Sources */,
			);
			runOnlyForDeploymentPostprocessing = 0;
		};
/* End PBXSourcesBuildPhase section */

/* Begin XCBuildConfiguration section */
		1380AB4429B52E2500B45EEE /* Debug */ = {
			isa = XCBuildConfiguration;
			buildSettings = {
				ALWAYS_SEARCH_USER_PATHS = NO;
				CLANG_ANALYZER_NONNULL = YES;
				CLANG_ANALYZER_NUMBER_OBJECT_CONVERSION = YES_AGGRESSIVE;
				CLANG_CXX_LANGUAGE_STANDARD = "gnu++20";
				CLANG_ENABLE_MODULES = YES;
				CLANG_ENABLE_OBJC_ARC = YES;
				CLANG_ENABLE_OBJC_WEAK = YES;
				CLANG_WARN_BLOCK_CAPTURE_AUTORELEASING = YES;
				CLANG_WARN_BOOL_CONVERSION = YES;
				CLANG_WARN_COMMA = YES;
				CLANG_WARN_CONSTANT_CONVERSION = YES;
				CLANG_WARN_DEPRECATED_OBJC_IMPLEMENTATIONS = YES;
				CLANG_WARN_DIRECT_OBJC_ISA_USAGE = YES_ERROR;
				CLANG_WARN_DOCUMENTATION_COMMENTS = YES;
				CLANG_WARN_EMPTY_BODY = YES;
				CLANG_WARN_ENUM_CONVERSION = YES;
				CLANG_WARN_INFINITE_RECURSION = YES;
				CLANG_WARN_INT_CONVERSION = YES;
				CLANG_WARN_NON_LITERAL_NULL_CONVERSION = YES;
				CLANG_WARN_OBJC_IMPLICIT_RETAIN_SELF = YES;
				CLANG_WARN_OBJC_LITERAL_CONVERSION = YES;
				CLANG_WARN_OBJC_ROOT_CLASS = YES_ERROR;
				CLANG_WARN_QUOTED_INCLUDE_IN_FRAMEWORK_HEADER = YES;
				CLANG_WARN_RANGE_LOOP_ANALYSIS = YES;
				CLANG_WARN_STRICT_PROTOTYPES = YES;
				CLANG_WARN_SUSPICIOUS_MOVE = YES;
				CLANG_WARN_UNGUARDED_AVAILABILITY = YES_AGGRESSIVE;
				CLANG_WARN_UNREACHABLE_CODE = YES;
				CLANG_WARN__DUPLICATE_METHOD_MATCH = YES;
				COPY_PHASE_STRIP = NO;
				DEBUG_INFORMATION_FORMAT = dwarf;
				ENABLE_STRICT_OBJC_MSGSEND = YES;
				ENABLE_TESTABILITY = YES;
				GCC_C_LANGUAGE_STANDARD = gnu11;
				GCC_DYNAMIC_NO_PIC = NO;
				GCC_NO_COMMON_BLOCKS = YES;
				GCC_OPTIMIZATION_LEVEL = 0;
				GCC_PREPROCESSOR_DEFINITIONS = (
					"DEBUG=1",
					"$(inherited)",
				);
				GCC_WARN_64_TO_32_BIT_CONVERSION = YES;
				GCC_WARN_ABOUT_RETURN_TYPE = YES_ERROR;
				GCC_WARN_UNDECLARED_SELECTOR = YES;
				GCC_WARN_UNINITIALIZED_AUTOS = YES_AGGRESSIVE;
				GCC_WARN_UNUSED_FUNCTION = YES;
				GCC_WARN_UNUSED_VARIABLE = YES;
				IPHONEOS_DEPLOYMENT_TARGET = 16.2;
				MTL_ENABLE_DEBUG_INFO = INCLUDE_SOURCE;
				MTL_FAST_MATH = YES;
				ONLY_ACTIVE_ARCH = YES;
				SDKROOT = iphoneos;
				SWIFT_ACTIVE_COMPILATION_CONDITIONS = DEBUG;
				SWIFT_OPTIMIZATION_LEVEL = "-Onone";
			};
			name = Debug;
		};
		1380AB4529B52E2500B45EEE /* Release */ = {
			isa = XCBuildConfiguration;
			buildSettings = {
				ALWAYS_SEARCH_USER_PATHS = NO;
				CLANG_ANALYZER_NONNULL = YES;
				CLANG_ANALYZER_NUMBER_OBJECT_CONVERSION = YES_AGGRESSIVE;
				CLANG_CXX_LANGUAGE_STANDARD = "gnu++20";
				CLANG_ENABLE_MODULES = YES;
				CLANG_ENABLE_OBJC_ARC = YES;
				CLANG_ENABLE_OBJC_WEAK = YES;
				CLANG_WARN_BLOCK_CAPTURE_AUTORELEASING = YES;
				CLANG_WARN_BOOL_CONVERSION = YES;
				CLANG_WARN_COMMA = YES;
				CLANG_WARN_CONSTANT_CONVERSION = YES;
				CLANG_WARN_DEPRECATED_OBJC_IMPLEMENTATIONS = YES;
				CLANG_WARN_DIRECT_OBJC_ISA_USAGE = YES_ERROR;
				CLANG_WARN_DOCUMENTATION_COMMENTS = YES;
				CLANG_WARN_EMPTY_BODY = YES;
				CLANG_WARN_ENUM_CONVERSION = YES;
				CLANG_WARN_INFINITE_RECURSION = YES;
				CLANG_WARN_INT_CONVERSION = YES;
				CLANG_WARN_NON_LITERAL_NULL_CONVERSION = YES;
				CLANG_WARN_OBJC_IMPLICIT_RETAIN_SELF = YES;
				CLANG_WARN_OBJC_LITERAL_CONVERSION = YES;
				CLANG_WARN_OBJC_ROOT_CLASS = YES_ERROR;
				CLANG_WARN_QUOTED_INCLUDE_IN_FRAMEWORK_HEADER = YES;
				CLANG_WARN_RANGE_LOOP_ANALYSIS = YES;
				CLANG_WARN_STRICT_PROTOTYPES = YES;
				CLANG_WARN_SUSPICIOUS_MOVE = YES;
				CLANG_WARN_UNGUARDED_AVAILABILITY = YES_AGGRESSIVE;
				CLANG_WARN_UNREACHABLE_CODE = YES;
				CLANG_WARN__DUPLICATE_METHOD_MATCH = YES;
				COPY_PHASE_STRIP = NO;
				DEBUG_INFORMATION_FORMAT = "dwarf-with-dsym";
				ENABLE_NS_ASSERTIONS = NO;
				ENABLE_STRICT_OBJC_MSGSEND = YES;
				GCC_C_LANGUAGE_STANDARD = gnu11;
				GCC_NO_COMMON_BLOCKS = YES;
				GCC_WARN_64_TO_32_BIT_CONVERSION = YES;
				GCC_WARN_ABOUT_RETURN_TYPE = YES_ERROR;
				GCC_WARN_UNDECLARED_SELECTOR = YES;
				GCC_WARN_UNINITIALIZED_AUTOS = YES_AGGRESSIVE;
				GCC_WARN_UNUSED_FUNCTION = YES;
				GCC_WARN_UNUSED_VARIABLE = YES;
				IPHONEOS_DEPLOYMENT_TARGET = 16.2;
				MTL_ENABLE_DEBUG_INFO = NO;
				MTL_FAST_MATH = YES;
				SDKROOT = iphoneos;
				SWIFT_COMPILATION_MODE = wholemodule;
				SWIFT_OPTIMIZATION_LEVEL = "-O";
				VALIDATE_PRODUCT = YES;
			};
			name = Release;
		};
		1380AB4729B52E2500B45EEE /* Debug */ = {
			isa = XCBuildConfiguration;
			buildSettings = {
				ASSETCATALOG_COMPILER_APPICON_NAME = AppIcon;
				ASSETCATALOG_COMPILER_GLOBAL_ACCENT_COLOR_NAME = AccentColor;
				CODE_SIGN_STYLE = Automatic;
				CURRENT_PROJECT_VERSION = 1;
				DEVELOPMENT_ASSET_PATHS = "\"MJGram/Preview Content\"";
				DEVELOPMENT_TEAM = E99EFNCF8Y;
				ENABLE_PREVIEWS = YES;
				GENERATE_INFOPLIST_FILE = YES;
				INFOPLIST_KEY_UIApplicationSceneManifest_Generation = YES;
				INFOPLIST_KEY_UIApplicationSupportsIndirectInputEvents = YES;
				INFOPLIST_KEY_UILaunchScreen_Generation = YES;
				INFOPLIST_KEY_UISupportedInterfaceOrientations_iPad = "UIInterfaceOrientationPortrait UIInterfaceOrientationPortraitUpsideDown UIInterfaceOrientationLandscapeLeft UIInterfaceOrientationLandscapeRight";
				INFOPLIST_KEY_UISupportedInterfaceOrientations_iPhone = "UIInterfaceOrientationPortrait UIInterfaceOrientationLandscapeLeft UIInterfaceOrientationLandscapeRight";
				LD_RUNPATH_SEARCH_PATHS = (
					"$(inherited)",
					"@executable_path/Frameworks",
				);
				MARKETING_VERSION = 1.0;
				PRODUCT_BUNDLE_IDENTIFIER = com.gcuesta.MJGram;
				PRODUCT_NAME = "$(TARGET_NAME)";
				SWIFT_EMIT_LOC_STRINGS = YES;
				SWIFT_VERSION = 5.0;
				TARGETED_DEVICE_FAMILY = "1,2";
			};
			name = Debug;
		};
		1380AB4829B52E2500B45EEE /* Release */ = {
			isa = XCBuildConfiguration;
			buildSettings = {
				ASSETCATALOG_COMPILER_APPICON_NAME = AppIcon;
				ASSETCATALOG_COMPILER_GLOBAL_ACCENT_COLOR_NAME = AccentColor;
				CODE_SIGN_STYLE = Automatic;
				CURRENT_PROJECT_VERSION = 1;
				DEVELOPMENT_ASSET_PATHS = "\"MJGram/Preview Content\"";
				DEVELOPMENT_TEAM = E99EFNCF8Y;
				ENABLE_PREVIEWS = YES;
				GENERATE_INFOPLIST_FILE = YES;
				INFOPLIST_KEY_UIApplicationSceneManifest_Generation = YES;
				INFOPLIST_KEY_UIApplicationSupportsIndirectInputEvents = YES;
				INFOPLIST_KEY_UILaunchScreen_Generation = YES;
				INFOPLIST_KEY_UISupportedInterfaceOrientations_iPad = "UIInterfaceOrientationPortrait UIInterfaceOrientationPortraitUpsideDown UIInterfaceOrientationLandscapeLeft UIInterfaceOrientationLandscapeRight";
				INFOPLIST_KEY_UISupportedInterfaceOrientations_iPhone = "UIInterfaceOrientationPortrait UIInterfaceOrientationLandscapeLeft UIInterfaceOrientationLandscapeRight";
				LD_RUNPATH_SEARCH_PATHS = (
					"$(inherited)",
					"@executable_path/Frameworks",
				);
				MARKETING_VERSION = 1.0;
				PRODUCT_BUNDLE_IDENTIFIER = com.gcuesta.MJGram;
				PRODUCT_NAME = "$(TARGET_NAME)";
				SWIFT_EMIT_LOC_STRINGS = YES;
				SWIFT_VERSION = 5.0;
				TARGETED_DEVICE_FAMILY = "1,2";
			};
			name = Release;
		};
/* End XCBuildConfiguration section */

/* Begin XCConfigurationList section */
		1380AB3329B52E2400B45EEE /* Build configuration list for PBXProject "MJGram" */ = {
			isa = XCConfigurationList;
			buildConfigurations = (
				1380AB4429B52E2500B45EEE /* Debug */,
				1380AB4529B52E2500B45EEE /* Release */,
			);
			defaultConfigurationIsVisible = 0;
			defaultConfigurationName = Release;
		};
		1380AB4629B52E2500B45EEE /* Build configuration list for PBXNativeTarget "MJGram" */ = {
			isa = XCConfigurationList;
			buildConfigurations = (
				1380AB4729B52E2500B45EEE /* Debug */,
				1380AB4829B52E2500B45EEE /* Release */,
			);
			defaultConfigurationIsVisible = 0;
			defaultConfigurationName = Release;
		};
/* End XCConfigurationList section */
	};
	rootObject = 1380AB3029B52E2400B45EEE /* Project object */;
}
